
Microsoft Visual Studio Solution File, Format Version 12.00
# Visual Studio 14
VisualStudioVersion = 14.0.23107.0
MinimumVisualStudioVersion = 10.0.40219.1
Project("{FAE04EC0-301F-11D3-BF4B-00C04F79EFBC}") = "MoneyBox", "MoneyBox\MoneyBox.csproj", "{F284B1AD-3199-4DD9-94D6-AA4B9A4280C4}"
EndProject
Project("{FAE04EC0-301F-11D3-BF4B-00C04F79EFBC}") = "MoneyBox.Tests", "MoneyBox.Tests\MoneyBox.Tests.csproj", "{DCECD332-0966-4E19-BF7A-7F3A4994CC87}"
EndProject
Global
	GlobalSection(SolutionConfigurationPlatforms) = preSolution
		Debug|Any CPU = Debug|Any CPU
		Release|Any CPU = Release|Any CPU
	EndGlobalSection
	GlobalSection(ProjectConfigurationPlatforms) = postSolution
		{F284B1AD-3199-4DD9-94D6-AA4B9A4280C4}.Debug|Any CPU.ActiveCfg = Debug|Any CPU
		{F284B1AD-3199-4DD9-94D6-AA4B9A4280C4}.Debug|Any CPU.Build.0 = Debug|Any CPU
		{F284B1AD-3199-4DD9-94D6-AA4B9A4280C4}.Release|Any CPU.ActiveCfg = Release|Any CPU
		{F284B1AD-3199-4DD9-94D6-AA4B9A4280C4}.Release|Any CPU.Build.0 = Release|Any CPU
		{DCECD332-0966-4E19-BF7A-7F3A4994CC87}.Debug|Any CPU.ActiveCfg = Debug|Any CPU
		{DCECD332-0966-4E19-BF7A-7F3A4994CC87}.Debug|Any CPU.Build.0 = Debug|Any CPU
		{DCECD332-0966-4E19-BF7A-7F3A4994CC87}.Release|Any CPU.ActiveCfg = Release|Any CPU
		{DCECD332-0966-4E19-BF7A-7F3A4994CC87}.Release|Any CPU.Build.0 = Release|Any CPU
	EndGlobalSection
	GlobalSection(SolutionProperties) = preSolution
		HideSolutionNode = FALSE
	EndGlobalSection
EndGlobal
